
Microsoft Visual Studio Solution File, Format Version 12.00
# Visual Studio Version 16
VisualStudioVersion = 16.0.31624.102
MinimumVisualStudioVersion = 10.0.40219.1
Project("{FAE04EC0-301F-11D3-BF4B-00C04F79EFBC}") = "Assign1-2", "Assign1-2\Assign1-2.csproj", "{D1796031-1959-40A1-83D3-036D2C05DC91}"
EndProject
Global
	GlobalSection(SolutionConfigurationPlatforms) = preSolution
		Debug|Any CPU = Debug|Any CPU
		Release|Any CPU = Release|Any CPU
	EndGlobalSection
	GlobalSection(ProjectConfigurationPlatforms) = postSolution
		{D1796031-1959-40A1-83D3-036D2C05DC91}.Debug|Any CPU.ActiveCfg = Debug|Any CPU
		{D1796031-1959-40A1-83D3-036D2C05DC91}.Debug|Any CPU.Build.0 = Debug|Any CPU
		{D1796031-1959-40A1-83D3-036D2C05DC91}.Release|Any CPU.ActiveCfg = Release|Any CPU
		{D1796031-1959-40A1-83D3-036D2C05DC91}.Release|Any CPU.Build.0 = Release|Any CPU
	EndGlobalSection
	GlobalSection(SolutionProperties) = preSolution
		HideSolutionNode = FALSE
	EndGlobalSection
	GlobalSection(ExtensibilityGlobals) = postSolution
		SolutionGuid = {9137AAF9-E410-4E09-B924-BBA74F66B203}
	EndGlobalSection
EndGlobal
